
Microsoft Visual Studio Solution File, Format Version 12.00
# Visual Studio Version 16
VisualStudioVersion = 16.0.31129.286
MinimumVisualStudioVersion = 10.0.40219.1
Project("{FAE04EC0-301F-11D3-BF4B-00C04F79EFBC}") = "osu 8K to 7K Converter", "osu 8K to 7K Converter.csproj", "{B5C28434-1FA1-4B87-AF39-20C2C8082CAC}"
EndProject
Global
	GlobalSection(SolutionConfigurationPlatforms) = preSolution
		Debug|Any CPU = Debug|Any CPU
		Release|Any CPU = Release|Any CPU
	EndGlobalSection
	GlobalSection(ProjectConfigurationPlatforms) = postSolution
		{B5C28434-1FA1-4B87-AF39-20C2C8082CAC}.Debug|Any CPU.ActiveCfg = Debug|Any CPU
		{B5C28434-1FA1-4B87-AF39-20C2C8082CAC}.Debug|Any CPU.Build.0 = Debug|Any CPU
		{B5C28434-1FA1-4B87-AF39-20C2C8082CAC}.Release|Any CPU.ActiveCfg = Release|Any CPU
		{B5C28434-1FA1-4B87-AF39-20C2C8082CAC}.Release|Any CPU.Build.0 = Release|Any CPU
	EndGlobalSection
	GlobalSection(SolutionProperties) = preSolution
		HideSolutionNode = FALSE
	EndGlobalSection
	GlobalSection(ExtensibilityGlobals) = postSolution
		SolutionGuid = {F766E0FD-15BA-4607-83D9-B18D5DE49E33}
	EndGlobalSection
EndGlobal
